// !$*UTF8*$!
{
	archiveVersion = 1;
	classes = {
	};
	objectVersion = 46;
	objects = {

/* Begin PBXBuildFile section */
		888C89581DE8C2A300A7FCC8 /* Assets.xcassets in Resources */ = {isa = PBXBuildFile; fileRef = 888C89571DE8C2A300A7FCC8 /* Assets.xcassets */; };
		888C896E1DE8C2C500A7FCC8 /* Assets.xcassets in Resources */ = {isa = PBXBuildFile; fileRef = 888C896D1DE8C2C500A7FCC8 /* Assets.xcassets */; };
		888C89841DE8C2E300A7FCC8 /* Assets.xcassets in Resources */ = {isa = PBXBuildFile; fileRef = 888C89831DE8C2E300A7FCC8 /* Assets.xcassets */; };
		888C898C1DE8C30300A7FCC8 /* IOSUploadLaunchScreen.storyboard in Resources */ = {isa = PBXBuildFile; fileRef = 888C89441DE8B95B00A7FCC8 /* IOSUploadLaunchScreen.storyboard */; };
		888C898F1DE8C34C00A7FCC8 /* DownloadsViewController.swift in Sources */ = {isa = PBXBuildFile; fileRef = 888C89251DE8AEB400A7FCC8 /* DownloadsViewController.swift */; };
		888C89911DE8C36300A7FCC8 /* IOSDownloadsLaunchScreen.storyboard in Resources */ = {isa = PBXBuildFile; fileRef = 888C89181DE8AC0C00A7FCC8 /* IOSDownloadsLaunchScreen.storyboard */; };
		888C89941DE8C37A00A7FCC8 /* IOSDeletingLaunchScreen in Resources */ = {isa = PBXBuildFile; fileRef = 888C89471DE8B98400A7FCC8 /* IOSDeletingLaunchScreen */; };
		888C89951DE8C38600A7FCC8 /* RoguesGalleryView.swift in Sources */ = {isa = PBXBuildFile; fileRef = 888C89261DE8AEB400A7FCC8 /* RoguesGalleryView.swift */; };
		888C89961DE8C38800A7FCC8 /* RoguesGalleryView.swift in Sources */ = {isa = PBXBuildFile; fileRef = 888C89261DE8AEB400A7FCC8 /* RoguesGalleryView.swift */; };
		888C89971DE8C38900A7FCC8 /* RoguesGalleryView.swift in Sources */ = {isa = PBXBuildFile; fileRef = 888C89261DE8AEB400A7FCC8 /* RoguesGalleryView.swift */; };
		888C89981DE8C38E00A7FCC8 /* CloudCommon.swift in Sources */ = {isa = PBXBuildFile; fileRef = 888C89231DE8AEB400A7FCC8 /* CloudCommon.swift */; };
		888C89991DE8C38F00A7FCC8 /* CloudCommon.swift in Sources */ = {isa = PBXBuildFile; fileRef = 888C89231DE8AEB400A7FCC8 /* CloudCommon.swift */; };
		888C899A1DE8C39100A7FCC8 /* CloudCommon.swift in Sources */ = {isa = PBXBuildFile; fileRef = 888C89231DE8AEB400A7FCC8 /* CloudCommon.swift */; };
		888C899B1DE8C3A700A7FCC8 /* chinese.jpeg in Resources */ = {isa = PBXBuildFile; fileRef = 888C89281DE8AEB400A7FCC8 /* chinese.jpeg */; };
		888C899C1DE8C54E00A7FCC8 /* AppDelegate.swift in Sources */ = {isa = PBXBuildFile; fileRef = 888C890F1DE8AC0C00A7FCC8 /* AppDelegate.swift */; };
		888C899D1DE8C55000A7FCC8 /* AppDelegate.swift in Sources */ = {isa = PBXBuildFile; fileRef = 888C890F1DE8AC0C00A7FCC8 /* AppDelegate.swift */; };
		888C899E1DE8C55100A7FCC8 /* AppDelegate.swift in Sources */ = {isa = PBXBuildFile; fileRef = 888C890F1DE8AC0C00A7FCC8 /* AppDelegate.swift */; };
		888C899F1DE8C5C000A7FCC8 /* Info.plist in Resources */ = {isa = PBXBuildFile; fileRef = 888C89881DE8C2E300A7FCC8 /* Info.plist */; };
		88CECAE81DE8CF2F003CC6AB /* pizza.jpeg in Resources */ = {isa = PBXBuildFile; fileRef = 888C89291DE8AEB400A7FCC8 /* pizza.jpeg */; };
		88CECAE91DE8CF36003CC6AB /* steak.jpeg in Resources */ = {isa = PBXBuildFile; fileRef = 888C892A1DE8AEB400A7FCC8 /* steak.jpeg */; };
		88CECAEB1DE8D09B003CC6AB /* IOSMainDelete.storyboard in Resources */ = {isa = PBXBuildFile; fileRef = 88CECAEA1DE8D09B003CC6AB /* IOSMainDelete.storyboard */; };
		88CECAED1DE8D0C3003CC6AB /* IOSMainDownloads.storyboard in Resources */ = {isa = PBXBuildFile; fileRef = 88CECAEC1DE8D0C3003CC6AB /* IOSMainDownloads.storyboard */; };
		88CECAF31DE8D2F2003CC6AB /* CloudKit.framework in Frameworks */ = {isa = PBXBuildFile; fileRef = 88CECAF21DE8D2F2003CC6AB /* CloudKit.framework */; };
		88CECAF51DE8D34E003CC6AB /* CloudKit.framework in Frameworks */ = {isa = PBXBuildFile; fileRef = 88CECAF21DE8D2F2003CC6AB /* CloudKit.framework */; };
		88CECAF71DE8D376003CC6AB /* CloudKit.framework in Frameworks */ = {isa = PBXBuildFile; fileRef = 88CECAF21DE8D2F2003CC6AB /* CloudKit.framework */; };
		88CECAF91DE8D500003CC6AB /* IOSMainUpload.storyboard in Resources */ = {isa = PBXBuildFile; fileRef = 88CECAF81DE8D500003CC6AB /* IOSMainUpload.storyboard */; };
		88CECAFD1DE8D768003CC6AB /* UploadsViewController.swift in Sources */ = {isa = PBXBuildFile; fileRef = 88CECAFC1DE8D768003CC6AB /* UploadsViewController.swift */; };
		88CECAFF1DE8D7B5003CC6AB /* DeleteViewController.swift in Sources */ = {isa = PBXBuildFile; fileRef = 88CECAFE1DE8D7B5003CC6AB /* DeleteViewController.swift */; };
/* End PBXBuildFile section */

/* Begin PBXFileReference section */
		888C890F1DE8AC0C00A7FCC8 /* AppDelegate.swift */ = {isa = PBXFileReference; lastKnownFileType = sourcecode.swift; name = AppDelegate.swift; path = ckexplorer/AppDelegate.swift; sourceTree = "<group>"; };
		888C89191DE8AC0C00A7FCC8 /* Base */ = {isa = PBXFileReference; lastKnownFileType = file.storyboard; name = Base; path = Base.lproj/IOSDownloadsLaunchScreen.storyboard; sourceTree = "<group>"; };
		888C89231DE8AEB400A7FCC8 /* CloudCommon.swift */ = {isa = PBXFileReference; fileEncoding = 4; lastKnownFileType = sourcecode.swift; path = CloudCommon.swift; sourceTree = "<group>"; };
		888C89251DE8AEB400A7FCC8 /* DownloadsViewController.swift */ = {isa = PBXFileReference; fileEncoding = 4; lastKnownFileType = sourcecode.swift; path = DownloadsViewController.swift; sourceTree = "<group>"; };
		888C89261DE8AEB400A7FCC8 /* RoguesGalleryView.swift */ = {isa = PBXFileReference; fileEncoding = 4; lastKnownFileType = sourcecode.swift; path = RoguesGalleryView.swift; sourceTree = "<group>"; };
		888C89281DE8AEB400A7FCC8 /* chinese.jpeg */ = {isa = PBXFileReference; lastKnownFileType = image.jpeg; path = chinese.jpeg; sourceTree = "<group>"; };
		888C89291DE8AEB400A7FCC8 /* pizza.jpeg */ = {isa = PBXFileReference; lastKnownFileType = image.jpeg; path = pizza.jpeg; sourceTree = "<group>"; };
		888C892A1DE8AEB400A7FCC8 /* steak.jpeg */ = {isa = PBXFileReference; lastKnownFileType = image.jpeg; path = steak.jpeg; sourceTree = "<group>"; };
		888C89451DE8B95B00A7FCC8 /* Base */ = {isa = PBXFileReference; lastKnownFileType = file.storyboard; name = Base; path = Base.lproj/IOSUploadLaunchScreen.storyboard; sourceTree = "<group>"; };
		888C89481DE8B98400A7FCC8 /* Base */ = {isa = PBXFileReference; lastKnownFileType = text.xml; name = Base; path = Base.lproj/IOSDeletingLaunchScreen; sourceTree = "<group>"; };
		888C894E1DE8C2A300A7FCC8 /* ckdownloader.app */ = {isa = PBXFileReference; explicitFileType = wrapper.application; includeInIndex = 0; path = ckdownloader.app; sourceTree = BUILT_PRODUCTS_DIR; };
		888C89571DE8C2A300A7FCC8 /* Assets.xcassets */ = {isa = PBXFileReference; lastKnownFileType = folder.assetcatalog; name = Assets.xcassets; path = ../ckdownloader/Assets.xcassets; sourceTree = "<group>"; };
		888C895C1DE8C2A300A7FCC8 /* Info.plist */ = {isa = PBXFileReference; lastKnownFileType = text.plist.xml; name = Info.plist; path = ../ckdownloader/Info.plist; sourceTree = "<group>"; };
		888C89641DE8C2C500A7FCC8 /* ckuploader.app */ = {isa = PBXFileReference; explicitFileType = wrapper.application; includeInIndex = 0; path = ckuploader.app; sourceTree = BUILT_PRODUCTS_DIR; };
		888C896D1DE8C2C500A7FCC8 /* Assets.xcassets */ = {isa = PBXFileReference; lastKnownFileType = folder.assetcatalog; name = Assets.xcassets; path = ../ckuploader/Assets.xcassets; sourceTree = "<group>"; };
		888C89721DE8C2C500A7FCC8 /* Info.plist */ = {isa = PBXFileReference; lastKnownFileType = text.plist.xml; name = Info.plist; path = ../ckuploader/Info.plist; sourceTree = "<group>"; };
		888C897A1DE8C2E300A7FCC8 /* ckdeleter.app */ = {isa = PBXFileReference; explicitFileType = wrapper.application; includeInIndex = 0; path = ckdeleter.app; sourceTree = BUILT_PRODUCTS_DIR; };
		888C89831DE8C2E300A7FCC8 /* Assets.xcassets */ = {isa = PBXFileReference; lastKnownFileType = folder.assetcatalog; name = Assets.xcassets; path = ../ckdeleter/Assets.xcassets; sourceTree = "<group>"; };
		888C89881DE8C2E300A7FCC8 /* Info.plist */ = {isa = PBXFileReference; lastKnownFileType = text.plist.xml; name = Info.plist; path = ../ckdeleter/Info.plist; sourceTree = "<group>"; };
		88CECAEA1DE8D09B003CC6AB /* IOSMainDelete.storyboard */ = {isa = PBXFileReference; fileEncoding = 4; lastKnownFileType = file.storyboard; path = IOSMainDelete.storyboard; sourceTree = "<group>"; };
		88CECAEC1DE8D0C3003CC6AB /* IOSMainDownloads.storyboard */ = {isa = PBXFileReference; fileEncoding = 4; lastKnownFileType = file.storyboard; path = IOSMainDownloads.storyboard; sourceTree = "<group>"; };
		88CECAF01DE8D2EE003CC6AB /* ckuploader.entitlements */ = {isa = PBXFileReference; lastKnownFileType = text.plist.entitlements; name = ckuploader.entitlements; path = ckuploader/ckuploader.entitlements; sourceTree = "<group>"; };
		88CECAF21DE8D2F2003CC6AB /* CloudKit.framework */ = {isa = PBXFileReference; lastKnownFileType = wrapper.framework; name = CloudKit.framework; path = System/Library/Frameworks/CloudKit.framework; sourceTree = SDKROOT; };
		88CECAF41DE8D34B003CC6AB /* ckdownloader.entitlements */ = {isa = PBXFileReference; lastKnownFileType = text.plist.entitlements; name = ckdownloader.entitlements; path = ckdownloader/ckdownloader.entitlements; sourceTree = "<group>"; };
		88CECAF61DE8D36A003CC6AB /* ckdeleter.entitlements */ = {isa = PBXFileReference; lastKnownFileType = text.plist.entitlements; name = ckdeleter.entitlements; path = ckdeleter/ckdeleter.entitlements; sourceTree = "<group>"; };
		88CECAF81DE8D500003CC6AB /* IOSMainUpload.storyboard */ = {isa = PBXFileReference; fileEncoding = 4; lastKnownFileType = file.storyboard; path = IOSMainUpload.storyboard; sourceTree = "<group>"; };
		88CECAFC1DE8D768003CC6AB /* UploadsViewController.swift */ = {isa = PBXFileReference; fileEncoding = 4; lastKnownFileType = sourcecode.swift; path = UploadsViewController.swift; sourceTree = "<group>"; };
		88CECAFE1DE8D7B5003CC6AB /* DeleteViewController.swift */ = {isa = PBXFileReference; fileEncoding = 4; lastKnownFileType = sourcecode.swift; path = DeleteViewController.swift; sourceTree = "<group>"; };
/* End PBXFileReference section */

/* Begin PBXFrameworksBuildPhase section */
		888C894B1DE8C2A300A7FCC8 /* Frameworks */ = {
			isa = PBXFrameworksBuildPhase;
			buildActionMask = 2147483647;
			files = (
				88CECAF51DE8D34E003CC6AB /* CloudKit.framework in Frameworks */,
			);
			runOnlyForDeploymentPostprocessing = 0;
		};
		888C89611DE8C2C500A7FCC8 /* Frameworks */ = {
			isa = PBXFrameworksBuildPhase;
			buildActionMask = 2147483647;
			files = (
				88CECAF31DE8D2F2003CC6AB /* CloudKit.framework in Frameworks */,
			);
			runOnlyForDeploymentPostprocessing = 0;
		};
		888C89771DE8C2E300A7FCC8 /* Frameworks */ = {
			isa = PBXFrameworksBuildPhase;
			buildActionMask = 2147483647;
			files = (
				88CECAF71DE8D376003CC6AB /* CloudKit.framework in Frameworks */,
			);
			runOnlyForDeploymentPostprocessing = 0;
		};
/* End PBXFrameworksBuildPhase section */

/* Begin PBXGroup section */
		888C89031DE8AC0C00A7FCC8 = {
			isa = PBXGroup;
			children = (
				88CECAF61DE8D36A003CC6AB /* ckdeleter.entitlements */,
				88CECAF41DE8D34B003CC6AB /* ckdownloader.entitlements */,
				88CECAF01DE8D2EE003CC6AB /* ckuploader.entitlements */,
				888C890F1DE8AC0C00A7FCC8 /* AppDelegate.swift */,
				888C89271DE8AEB400A7FCC8 /* Sample Upload Images */,
				888C890E1DE8AC0C00A7FCC8 /* ckexplorer */,
				888C890D1DE8AC0C00A7FCC8 /* Products */,
				88CECAF11DE8D2F2003CC6AB /* Frameworks */,
			);
			sourceTree = "<group>";
		};
		888C890D1DE8AC0C00A7FCC8 /* Products */ = {
			isa = PBXGroup;
			children = (
				888C894E1DE8C2A300A7FCC8 /* ckdownloader.app */,
				888C89641DE8C2C500A7FCC8 /* ckuploader.app */,
				888C897A1DE8C2E300A7FCC8 /* ckdeleter.app */,
			);
			name = Products;
			sourceTree = "<group>";
		};
		888C890E1DE8AC0C00A7FCC8 /* ckexplorer */ = {
			isa = PBXGroup;
			children = (
				888C89231DE8AEB400A7FCC8 /* CloudCommon.swift */,
				888C89261DE8AEB400A7FCC8 /* RoguesGalleryView.swift */,
				888C893D1DE8B35E00A7FCC8 /* Deleting */,
				888C89391DE8B2A300A7FCC8 /* Downloading */,
				888C893A1DE8B2CE00A7FCC8 /* Uploading */,
			);
			path = ckexplorer;
			sourceTree = "<group>";
		};
		888C89271DE8AEB400A7FCC8 /* Sample Upload Images */ = {
			isa = PBXGroup;
			children = (
				888C89281DE8AEB400A7FCC8 /* chinese.jpeg */,
				888C89291DE8AEB400A7FCC8 /* pizza.jpeg */,
				888C892A1DE8AEB400A7FCC8 /* steak.jpeg */,
			);
			name = "Sample Upload Images";
			path = "ckexplorer/Sample Images";
			sourceTree = "<group>";
		};
		888C89391DE8B2A300A7FCC8 /* Downloading */ = {
			isa = PBXGroup;
			children = (
				88CECAEC1DE8D0C3003CC6AB /* IOSMainDownloads.storyboard */,
				888C89181DE8AC0C00A7FCC8 /* IOSDownloadsLaunchScreen.storyboard */,
				888C89251DE8AEB400A7FCC8 /* DownloadsViewController.swift */,
				888C89571DE8C2A300A7FCC8 /* Assets.xcassets */,
				888C895C1DE8C2A300A7FCC8 /* Info.plist */,
			);
			name = Downloading;
			sourceTree = "<group>";
		};
		888C893A1DE8B2CE00A7FCC8 /* Uploading */ = {
			isa = PBXGroup;
			children = (
				88CECAFC1DE8D768003CC6AB /* UploadsViewController.swift */,
				88CECAF81DE8D500003CC6AB /* IOSMainUpload.storyboard */,
				888C89441DE8B95B00A7FCC8 /* IOSUploadLaunchScreen.storyboard */,
				888C896D1DE8C2C500A7FCC8 /* Assets.xcassets */,
				888C89721DE8C2C500A7FCC8 /* Info.plist */,
			);
			name = Uploading;
			sourceTree = "<group>";
		};
		888C893D1DE8B35E00A7FCC8 /* Deleting */ = {
			isa = PBXGroup;
			children = (
				88CECAFE1DE8D7B5003CC6AB /* DeleteViewController.swift */,
				88CECAEA1DE8D09B003CC6AB /* IOSMainDelete.storyboard */,
				888C89471DE8B98400A7FCC8 /* IOSDeletingLaunchScreen */,
				888C89831DE8C2E300A7FCC8 /* Assets.xcassets */,
				888C89881DE8C2E300A7FCC8 /* Info.plist */,
			);
			name = Deleting;
			sourceTree = "<group>";
		};
		88CECAF11DE8D2F2003CC6AB /* Frameworks */ = {
			isa = PBXGroup;
			children = (
				88CECAF21DE8D2F2003CC6AB /* CloudKit.framework */,
			);
			name = Frameworks;
			sourceTree = "<group>";
		};
/* End PBXGroup section */

/* Begin PBXNativeTarget section */
		888C894D1DE8C2A300A7FCC8 /* ckdownloader */ = {
			isa = PBXNativeTarget;
			buildConfigurationList = 888C895D1DE8C2A300A7FCC8 /* Build configuration list for PBXNativeTarget "ckdownloader" */;
			buildPhases = (
				888C894A1DE8C2A300A7FCC8 /* Sources */,
				888C894B1DE8C2A300A7FCC8 /* Frameworks */,
				888C894C1DE8C2A300A7FCC8 /* Resources */,
			);
			buildRules = (
			);
			dependencies = (
			);
			name = ckdownloader;
			productName = ckdownloader;
			productReference = 888C894E1DE8C2A300A7FCC8 /* ckdownloader.app */;
			productType = "com.apple.product-type.application";
		};
		888C89631DE8C2C500A7FCC8 /* ckuploader */ = {
			isa = PBXNativeTarget;
			buildConfigurationList = 888C89731DE8C2C500A7FCC8 /* Build configuration list for PBXNativeTarget "ckuploader" */;
			buildPhases = (
				888C89601DE8C2C500A7FCC8 /* Sources */,
				888C89611DE8C2C500A7FCC8 /* Frameworks */,
				888C89621DE8C2C500A7FCC8 /* Resources */,
			);
			buildRules = (
			);
			dependencies = (
			);
			name = ckuploader;
			productName = ckuploader;
			productReference = 888C89641DE8C2C500A7FCC8 /* ckuploader.app */;
			productType = "com.apple.product-type.application";
		};
		888C89791DE8C2E300A7FCC8 /* ckdeleter */ = {
			isa = PBXNativeTarget;
			buildConfigurationList = 888C89891DE8C2E300A7FCC8 /* Build configuration list for PBXNativeTarget "ckdeleter" */;
			buildPhases = (
				888C89761DE8C2E300A7FCC8 /* Sources */,
				888C89771DE8C2E300A7FCC8 /* Frameworks */,
				888C89781DE8C2E300A7FCC8 /* Resources */,
			);
			buildRules = (
			);
			dependencies = (
			);
			name = ckdeleter;
			productName = ckdeleter;
			productReference = 888C897A1DE8C2E300A7FCC8 /* ckdeleter.app */;
			productType = "com.apple.product-type.application";
		};
/* End PBXNativeTarget section */

/* Begin PBXProject section */
		888C89041DE8AC0C00A7FCC8 /* Project object */ = {
			isa = PBXProject;
			attributes = {
				LastSwiftUpdateCheck = 0820;
				LastUpgradeCheck = 0820;
				ORGANIZATIONNAME = midnightrambler;
				TargetAttributes = {
					888C894D1DE8C2A300A7FCC8 = {
						CreatedOnToolsVersion = 8.2;
						DevelopmentTeam = X2PQYA6S48;
						ProvisioningStyle = Automatic;
						SystemCapabilities = {
							com.apple.Push = {
								enabled = 1;
							};
							com.apple.iCloud = {
								enabled = 1;
							};
						};
					};
					888C89631DE8C2C500A7FCC8 = {
						CreatedOnToolsVersion = 8.2;
						DevelopmentTeam = X2PQYA6S48;
						ProvisioningStyle = Automatic;
						SystemCapabilities = {
							com.apple.Push = {
								enabled = 1;
							};
							com.apple.iCloud = {
								enabled = 1;
							};
						};
					};
					888C89791DE8C2E300A7FCC8 = {
						CreatedOnToolsVersion = 8.2;
						DevelopmentTeam = X2PQYA6S48;
						ProvisioningStyle = Automatic;
						SystemCapabilities = {
							com.apple.Push = {
								enabled = 1;
							};
							com.apple.iCloud = {
								enabled = 1;
							};
						};
					};
				};
			};
			buildConfigurationList = 888C89071DE8AC0C00A7FCC8 /* Build configuration list for PBXProject "ckexplorer" */;
			compatibilityVersion = "Xcode 3.2";
			developmentRegion = English;
			hasScannedForEncodings = 0;
			knownRegions = (
				en,
				Base,
			);
			mainGroup = 888C89031DE8AC0C00A7FCC8;
			productRefGroup = 888C890D1DE8AC0C00A7FCC8 /* Products */;
			projectDirPath = "";
			projectRoot = "";
			targets = (
				888C894D1DE8C2A300A7FCC8 /* ckdownloader */,
				888C89631DE8C2C500A7FCC8 /* ckuploader */,
				888C89791DE8C2E300A7FCC8 /* ckdeleter */,
			);
		};
/* End PBXProject section */

/* Begin PBXResourcesBuildPhase section */
		888C894C1DE8C2A300A7FCC8 /* Resources */ = {
			isa = PBXResourcesBuildPhase;
			buildActionMask = 2147483647;
			files = (
				888C89911DE8C36300A7FCC8 /* IOSDownloadsLaunchScreen.storyboard in Resources */,
				888C89581DE8C2A300A7FCC8 /* Assets.xcassets in Resources */,
				88CECAED1DE8D0C3003CC6AB /* IOSMainDownloads.storyboard in Resources */,
			);
			runOnlyForDeploymentPostprocessing = 0;
		};
		888C89621DE8C2C500A7FCC8 /* Resources */ = {
			isa = PBXResourcesBuildPhase;
			buildActionMask = 2147483647;
			files = (
				888C898C1DE8C30300A7FCC8 /* IOSUploadLaunchScreen.storyboard in Resources */,
				888C896E1DE8C2C500A7FCC8 /* Assets.xcassets in Resources */,
				88CECAF91DE8D500003CC6AB /* IOSMainUpload.storyboard in Resources */,
				88CECAE81DE8CF2F003CC6AB /* pizza.jpeg in Resources */,
				88CECAE91DE8CF36003CC6AB /* steak.jpeg in Resources */,
				888C899B1DE8C3A700A7FCC8 /* chinese.jpeg in Resources */,
			);
			runOnlyForDeploymentPostprocessing = 0;
		};
		888C89781DE8C2E300A7FCC8 /* Resources */ = {
			isa = PBXResourcesBuildPhase;
			buildActionMask = 2147483647;
			files = (
				888C899F1DE8C5C000A7FCC8 /* Info.plist in Resources */,
				888C89841DE8C2E300A7FCC8 /* Assets.xcassets in Resources */,
				88CECAEB1DE8D09B003CC6AB /* IOSMainDelete.storyboard in Resources */,
				888C89941DE8C37A00A7FCC8 /* IOSDeletingLaunchScreen in Resources */,
			);
			runOnlyForDeploymentPostprocessing = 0;
		};
/* End PBXResourcesBuildPhase section */

/* Begin PBXSourcesBuildPhase section */
		888C894A1DE8C2A300A7FCC8 /* Sources */ = {
			isa = PBXSourcesBuildPhase;
			buildActionMask = 2147483647;
			files = (
				888C899C1DE8C54E00A7FCC8 /* AppDelegate.swift in Sources */,
				888C89981DE8C38E00A7FCC8 /* CloudCommon.swift in Sources */,
				888C89951DE8C38600A7FCC8 /* RoguesGalleryView.swift in Sources */,
				888C898F1DE8C34C00A7FCC8 /* DownloadsViewController.swift in Sources */,
			);
			runOnlyForDeploymentPostprocessing = 0;
		};
		888C89601DE8C2C500A7FCC8 /* Sources */ = {
			isa = PBXSourcesBuildPhase;
			buildActionMask = 2147483647;
			files = (
				888C899D1DE8C55000A7FCC8 /* AppDelegate.swift in Sources */,
				88CECAFD1DE8D768003CC6AB /* UploadsViewController.swift in Sources */,
				888C89991DE8C38F00A7FCC8 /* CloudCommon.swift in Sources */,
				888C89961DE8C38800A7FCC8 /* RoguesGalleryView.swift in Sources */,
			);
			runOnlyForDeploymentPostprocessing = 0;
		};
		888C89761DE8C2E300A7FCC8 /* Sources */ = {
			isa = PBXSourcesBuildPhase;
			buildActionMask = 2147483647;
			files = (
				888C899E1DE8C55100A7FCC8 /* AppDelegate.swift in Sources */,
				888C899A1DE8C39100A7FCC8 /* CloudCommon.swift in Sources */,
				888C89971DE8C38900A7FCC8 /* RoguesGalleryView.swift in Sources */,
				88CECAFF1DE8D7B5003CC6AB /* DeleteViewController.swift in Sources */,
			);
			runOnlyForDeploymentPostprocessing = 0;
		};
/* End PBXSourcesBuildPhase section */

/* Begin PBXVariantGroup section */
		888C89181DE8AC0C00A7FCC8 /* IOSDownloadsLaunchScreen.storyboard */ = {
			isa = PBXVariantGroup;
			children = (
				888C89191DE8AC0C00A7FCC8 /* Base */,
			);
			name = IOSDownloadsLaunchScreen.storyboard;
			sourceTree = "<group>";
		};
		888C89441DE8B95B00A7FCC8 /* IOSUploadLaunchScreen.storyboard */ = {
			isa = PBXVariantGroup;
			children = (
				888C89451DE8B95B00A7FCC8 /* Base */,
			);
			name = IOSUploadLaunchScreen.storyboard;
			sourceTree = "<group>";
		};
		888C89471DE8B98400A7FCC8 /* IOSDeletingLaunchScreen */ = {
			isa = PBXVariantGroup;
			children = (
				888C89481DE8B98400A7FCC8 /* Base */,
			);
			name = IOSDeletingLaunchScreen;
			sourceTree = "<group>";
		};
/* End PBXVariantGroup section */

/* Begin XCBuildConfiguration section */
		888C891C1DE8AC0C00A7FCC8 /* Debug */ = {
			isa = XCBuildConfiguration;
			buildSettings = {
				ALWAYS_SEARCH_USER_PATHS = NO;
				CLANG_ANALYZER_NONNULL = YES;
				CLANG_CXX_LANGUAGE_STANDARD = "gnu++0x";
				CLANG_CXX_LIBRARY = "libc++";
				CLANG_ENABLE_MODULES = YES;
				CLANG_ENABLE_OBJC_ARC = YES;
				CLANG_WARN_BOOL_CONVERSION = YES;
				CLANG_WARN_CONSTANT_CONVERSION = YES;
				CLANG_WARN_DIRECT_OBJC_ISA_USAGE = YES_ERROR;
				CLANG_WARN_DOCUMENTATION_COMMENTS = YES;
				CLANG_WARN_EMPTY_BODY = YES;
				CLANG_WARN_ENUM_CONVERSION = YES;
				CLANG_WARN_INFINITE_RECURSION = YES;
				CLANG_WARN_INT_CONVERSION = YES;
				CLANG_WARN_OBJC_ROOT_CLASS = YES_ERROR;
				CLANG_WARN_SUSPICIOUS_MOVE = YES;
				CLANG_WARN_UNREACHABLE_CODE = YES;
				CLANG_WARN__DUPLICATE_METHOD_MATCH = YES;
				"CODE_SIGN_IDENTITY[sdk=iphoneos*]" = "iPhone Developer";
				COPY_PHASE_STRIP = NO;
				DEBUG_INFORMATION_FORMAT = dwarf;
				ENABLE_STRICT_OBJC_MSGSEND = YES;
				ENABLE_TESTABILITY = YES;
				GCC_C_LANGUAGE_STANDARD = gnu99;
				GCC_DYNAMIC_NO_PIC = NO;
				GCC_NO_COMMON_BLOCKS = YES;
				GCC_OPTIMIZATION_LEVEL = 0;
				GCC_PREPROCESSOR_DEFINITIONS = (
					"DEBUG=1",
					"$(inherited)",
				);
				GCC_WARN_64_TO_32_BIT_CONVERSION = YES;
				GCC_WARN_ABOUT_RETURN_TYPE = YES_ERROR;
				GCC_WARN_UNDECLARED_SELECTOR = YES;
				GCC_WARN_UNINITIALIZED_AUTOS = YES_AGGRESSIVE;
				GCC_WARN_UNUSED_FUNCTION = YES;
				GCC_WARN_UNUSED_VARIABLE = YES;
				IPHONEOS_DEPLOYMENT_TARGET = 10.2;
				MTL_ENABLE_DEBUG_INFO = YES;
				ONLY_ACTIVE_ARCH = YES;
				SDKROOT = iphoneos;
				SWIFT_ACTIVE_COMPILATION_CONDITIONS = DEBUG;
				SWIFT_OPTIMIZATION_LEVEL = "-Onone";
				TARGETED_DEVICE_FAMILY = "1,2";
			};
			name = Debug;
		};
		888C891D1DE8AC0C00A7FCC8 /* Release */ = {
			isa = XCBuildConfiguration;
			buildSettings = {
				ALWAYS_SEARCH_USER_PATHS = NO;
				CLANG_ANALYZER_NONNULL = YES;
				CLANG_CXX_LANGUAGE_STANDARD = "gnu++0x";
				CLANG_CXX_LIBRARY = "libc++";
				CLANG_ENABLE_MODULES = YES;
				CLANG_ENABLE_OBJC_ARC = YES;
				CLANG_WARN_BOOL_CONVERSION = YES;
				CLANG_WARN_CONSTANT_CONVERSION = YES;
				CLANG_WARN_DIRECT_OBJC_ISA_USAGE = YES_ERROR;
				CLANG_WARN_DOCUMENTATION_COMMENTS = YES;
				CLANG_WARN_EMPTY_BODY = YES;
				CLANG_WARN_ENUM_CONVERSION = YES;
				CLANG_WARN_INFINITE_RECURSION = YES;
				CLANG_WARN_INT_CONVERSION = YES;
				CLANG_WARN_OBJC_ROOT_CLASS = YES_ERROR;
				CLANG_WARN_SUSPICIOUS_MOVE = YES;
				CLANG_WARN_UNREACHABLE_CODE = YES;
				CLANG_WARN__DUPLICATE_METHOD_MATCH = YES;
				"CODE_SIGN_IDENTITY[sdk=iphoneos*]" = "iPhone Developer";
				COPY_PHASE_STRIP = NO;
				DEBUG_INFORMATION_FORMAT = "dwarf-with-dsym";
				ENABLE_NS_ASSERTIONS = NO;
				ENABLE_STRICT_OBJC_MSGSEND = YES;
				GCC_C_LANGUAGE_STANDARD = gnu99;
				GCC_NO_COMMON_BLOCKS = YES;
				GCC_WARN_64_TO_32_BIT_CONVERSION = YES;
				GCC_WARN_ABOUT_RETURN_TYPE = YES_ERROR;
				GCC_WARN_UNDECLARED_SELECTOR = YES;
				GCC_WARN_UNINITIALIZED_AUTOS = YES_AGGRESSIVE;
				GCC_WARN_UNUSED_FUNCTION = YES;
				GCC_WARN_UNUSED_VARIABLE = YES;
				IPHONEOS_DEPLOYMENT_TARGET = 10.2;
				MTL_ENABLE_DEBUG_INFO = NO;
				SDKROOT = iphoneos;
				SWIFT_OPTIMIZATION_LEVEL = "-Owholemodule";
				TARGETED_DEVICE_FAMILY = "1,2";
				VALIDATE_PRODUCT = YES;
			};
			name = Release;
		};
		888C895E1DE8C2A300A7FCC8 /* Debug */ = {
			isa = XCBuildConfiguration;
			buildSettings = {
				ASSETCATALOG_COMPILER_APPICON_NAME = AppIcon;
				CODE_SIGN_ENTITLEMENTS = ckdownloader/ckdownloader.entitlements;
				DEVELOPMENT_TEAM = X2PQYA6S48;
				INFOPLIST_FILE = ckdownloader/Info.plist;
				LD_RUNPATH_SEARCH_PATHS = "$(inherited) @executable_path/Frameworks";
				PRODUCT_BUNDLE_IDENTIFIER = com.midnightrambler.ckdownloader;
				PRODUCT_NAME = "$(TARGET_NAME)";
				SWIFT_VERSION = 3.0;
			};
			name = Debug;
		};
		888C895F1DE8C2A300A7FCC8 /* Release */ = {
			isa = XCBuildConfiguration;
			buildSettings = {
				ASSETCATALOG_COMPILER_APPICON_NAME = AppIcon;
				CODE_SIGN_ENTITLEMENTS = ckdownloader/ckdownloader.entitlements;
				DEVELOPMENT_TEAM = X2PQYA6S48;
				INFOPLIST_FILE = ckdownloader/Info.plist;
				LD_RUNPATH_SEARCH_PATHS = "$(inherited) @executable_path/Frameworks";
				PRODUCT_BUNDLE_IDENTIFIER = com.midnightrambler.ckdownloader;
				PRODUCT_NAME = "$(TARGET_NAME)";
				SWIFT_VERSION = 3.0;
			};
			name = Release;
		};
		888C89741DE8C2C500A7FCC8 /* Debug */ = {
			isa = XCBuildConfiguration;
			buildSettings = {
				ASSETCATALOG_COMPILER_APPICON_NAME = AppIcon;
				CODE_SIGN_ENTITLEMENTS = ckuploader/ckuploader.entitlements;
				DEVELOPMENT_TEAM = X2PQYA6S48;
				INFOPLIST_FILE = ckuploader/Info.plist;
				LD_RUNPATH_SEARCH_PATHS = "$(inherited) @executable_path/Frameworks";
				PRODUCT_BUNDLE_IDENTIFIER = com.midnightrambler.ckuploader;
				PRODUCT_NAME = "$(TARGET_NAME)";
				SWIFT_VERSION = 3.0;
			};
			name = Debug;
		};
		888C89751DE8C2C500A7FCC8 /* Release */ = {
			isa = XCBuildConfiguration;
			buildSettings = {
				ASSETCATALOG_COMPILER_APPICON_NAME = AppIcon;
				CODE_SIGN_ENTITLEMENTS = ckuploader/ckuploader.entitlements;
				DEVELOPMENT_TEAM = X2PQYA6S48;
				INFOPLIST_FILE = ckuploader/Info.plist;
				LD_RUNPATH_SEARCH_PATHS = "$(inherited) @executable_path/Frameworks";
				PRODUCT_BUNDLE_IDENTIFIER = com.midnightrambler.ckuploader;
				PRODUCT_NAME = "$(TARGET_NAME)";
				SWIFT_VERSION = 3.0;
			};
			name = Release;
		};
		888C898A1DE8C2E300A7FCC8 /* Debug */ = {
			isa = XCBuildConfiguration;
			buildSettings = {
				ASSETCATALOG_COMPILER_APPICON_NAME = AppIcon;
				CODE_SIGN_ENTITLEMENTS = ckdeleter/ckdeleter.entitlements;
				DEVELOPMENT_TEAM = X2PQYA6S48;
				INFOPLIST_FILE = ckdeleter/Info.plist;
				LD_RUNPATH_SEARCH_PATHS = "$(inherited) @executable_path/Frameworks";
				PRODUCT_BUNDLE_IDENTIFIER = com.midnightrambler.ckdeleter;
				PRODUCT_NAME = "$(TARGET_NAME)";
				SWIFT_VERSION = 3.0;
			};
			name = Debug;
		};
		888C898B1DE8C2E300A7FCC8 /* Release */ = {
			isa = XCBuildConfiguration;
			buildSettings = {
				ASSETCATALOG_COMPILER_APPICON_NAME = AppIcon;
				CODE_SIGN_ENTITLEMENTS = ckdeleter/ckdeleter.entitlements;
				DEVELOPMENT_TEAM = X2PQYA6S48;
				INFOPLIST_FILE = ckdeleter/Info.plist;
				LD_RUNPATH_SEARCH_PATHS = "$(inherited) @executable_path/Frameworks";
				PRODUCT_BUNDLE_IDENTIFIER = com.midnightrambler.ckdeleter;
				PRODUCT_NAME = "$(TARGET_NAME)";
				SWIFT_VERSION = 3.0;
			};
			name = Release;
		};
/* End XCBuildConfiguration section */

/* Begin XCConfigurationList section */
		888C89071DE8AC0C00A7FCC8 /* Build configuration list for PBXProject "ckexplorer" */ = {
			isa = XCConfigurationList;
			buildConfigurations = (
				888C891C1DE8AC0C00A7FCC8 /* Debug */,
				888C891D1DE8AC0C00A7FCC8 /* Release */,
			);
			defaultConfigurationIsVisible = 0;
			defaultConfigurationName = Release;
		};
		888C895D1DE8C2A300A7FCC8 /* Build configuration list for PBXNativeTarget "ckdownloader" */ = {
			isa = XCConfigurationList;
			buildConfigurations = (
				888C895E1DE8C2A300A7FCC8 /* Debug */,
				888C895F1DE8C2A300A7FCC8 /* Release */,
			);
			defaultConfigurationIsVisible = 0;
			defaultConfigurationName = Release;
		};
		888C89731DE8C2C500A7FCC8 /* Build configuration list for PBXNativeTarget "ckuploader" */ = {
			isa = XCConfigurationList;
			buildConfigurations = (
				888C89741DE8C2C500A7FCC8 /* Debug */,
				888C89751DE8C2C500A7FCC8 /* Release */,
			);
			defaultConfigurationIsVisible = 0;
			defaultConfigurationName = Release;
		};
		888C89891DE8C2E300A7FCC8 /* Build configuration list for PBXNativeTarget "ckdeleter" */ = {
			isa = XCConfigurationList;
			buildConfigurations = (
				888C898A1DE8C2E300A7FCC8 /* Debug */,
				888C898B1DE8C2E300A7FCC8 /* Release */,
			);
			defaultConfigurationIsVisible = 0;
			defaultConfigurationName = Release;
		};
/* End XCConfigurationList section */
	};
	rootObject = 888C89041DE8AC0C00A7FCC8 /* Project object */;
}
