// !$*UTF8*$!
{
	archiveVersion = 1;
	classes = {
	};
	objectVersion = 46;
	objects = {

/* Begin PBXBuildFile section */
		885BFE2B1DEDC089002DAE16 /* Help.storyboard in Resources */ = {isa = PBXBuildFile; fileRef = 885BFE2A1DEDC089002DAE16 /* Help.storyboard */; };
		885BFE301DEDC0BB002DAE16 /* ImportMenuViewController.swift in Sources */ = {isa = PBXBuildFile; fileRef = 885BFE2C1DEDC0BB002DAE16 /* ImportMenuViewController.swift */; };
		885BFE311DEDC0BB002DAE16 /* StartupHelpViewController.swift in Sources */ = {isa = PBXBuildFile; fileRef = 885BFE2D1DEDC0BB002DAE16 /* StartupHelpViewController.swift */; };
		885BFE321DEDC0BB002DAE16 /* InnerHelpViewController.swift in Sources */ = {isa = PBXBuildFile; fileRef = 885BFE2E1DEDC0BB002DAE16 /* InnerHelpViewController.swift */; };
		885BFE331DEDC0BB002DAE16 /* LoadDocHelpViewController.swift in Sources */ = {isa = PBXBuildFile; fileRef = 885BFE2F1DEDC0BB002DAE16 /* LoadDocHelpViewController.swift */; };
		885BFE351DEDD579002DAE16 /* Incorporator.swift in Sources */ = {isa = PBXBuildFile; fileRef = 885BFE341DEDD579002DAE16 /* Incorporator.swift */; };
		88CA9D8E1DEF0E770074B498 /* LICENSE.txt in Resources */ = {isa = PBXBuildFile; fileRef = 88CA9D8D1DEF0E770074B498 /* LICENSE.txt */; };
		88CA9D8F1DEF0E770074B498 /* LICENSE.txt in Resources */ = {isa = PBXBuildFile; fileRef = 88CA9D8D1DEF0E770074B498 /* LICENSE.txt */; };
		88CD4FF01DEB7E5A006BC24D /* Main.storyboard in Resources */ = {isa = PBXBuildFile; fileRef = 88CD4FEE1DEB7E5A006BC24D /* Main.storyboard */; };
		88CD4FF21DEB7E5A006BC24D /* Assets.xcassets in Resources */ = {isa = PBXBuildFile; fileRef = 88CD4FF11DEB7E5A006BC24D /* Assets.xcassets */; };
		88CD4FF51DEB7E5A006BC24D /* LaunchScreen.storyboard in Resources */ = {isa = PBXBuildFile; fileRef = 88CD4FF31DEB7E5A006BC24D /* LaunchScreen.storyboard */; };
		88CD4FFB1DEB7E63006BC24D /* CloudKit.framework in Frameworks */ = {isa = PBXBuildFile; fileRef = 88CECAF21DE8D2F2003CC6AB /* CloudKit.framework */; };
		88CD4FFC1DEB7F41006BC24D /* UploadsViewController.swift in Sources */ = {isa = PBXBuildFile; fileRef = 88CECAFC1DE8D768003CC6AB /* UploadsViewController.swift */; };
		88CD4FFD1DEB7F48006BC24D /* DeleteViewController.swift in Sources */ = {isa = PBXBuildFile; fileRef = 88CECAFE1DE8D7B5003CC6AB /* DeleteViewController.swift */; };
		88CD4FFE1DEB7F51006BC24D /* DownloadsViewController.swift in Sources */ = {isa = PBXBuildFile; fileRef = 888C89251DE8AEB400A7FCC8 /* DownloadsViewController.swift */; };
		88CD4FFF1DEB8023006BC24D /* CloudCommon.swift in Sources */ = {isa = PBXBuildFile; fileRef = 888C89231DE8AEB400A7FCC8 /* CloudCommon.swift */; };
		88CD50001DEB8030006BC24D /* RoguesGalleryView.swift in Sources */ = {isa = PBXBuildFile; fileRef = 888C89261DE8AEB400A7FCC8 /* RoguesGalleryView.swift */; };
		88CD50011DEB84EA006BC24D /* chinese.jpeg in Resources */ = {isa = PBXBuildFile; fileRef = 888C89281DE8AEB400A7FCC8 /* chinese.jpeg */; };
		88CD50021DEB84F0006BC24D /* pizza.jpeg in Resources */ = {isa = PBXBuildFile; fileRef = 888C89291DE8AEB400A7FCC8 /* pizza.jpeg */; };
		88CD50031DEB84F7006BC24D /* steak.jpeg in Resources */ = {isa = PBXBuildFile; fileRef = 888C892A1DE8AEB400A7FCC8 /* steak.jpeg */; };
		88CD500B1DEB8F0B006BC24D /* AppDelegate.swift in Sources */ = {isa = PBXBuildFile; fileRef = 88CD500A1DEB8F0B006BC24D /* AppDelegate.swift */; };
		88CD50101DEB8F0B006BC24D /* Main.storyboard in Resources */ = {isa = PBXBuildFile; fileRef = 88CD500E1DEB8F0B006BC24D /* Main.storyboard */; };
		88CD50121DEB8F0B006BC24D /* Assets.xcassets in Resources */ = {isa = PBXBuildFile; fileRef = 88CD50111DEB8F0B006BC24D /* Assets.xcassets */; };
		88CD50191DEB8F11006BC24D /* CloudKit.framework in Frameworks */ = {isa = PBXBuildFile; fileRef = 88CD50181DEB8F11006BC24D /* CloudKit.framework */; };
		88CD501A1DEB90ED006BC24D /* CloudCommon.swift in Sources */ = {isa = PBXBuildFile; fileRef = 888C89231DE8AEB400A7FCC8 /* CloudCommon.swift */; };
		88CD501B1DEB90F3006BC24D /* RoguesGalleryView.swift in Sources */ = {isa = PBXBuildFile; fileRef = 888C89261DE8AEB400A7FCC8 /* RoguesGalleryView.swift */; };
		88CD501C1DEB90FC006BC24D /* DownloadsViewController.swift in Sources */ = {isa = PBXBuildFile; fileRef = 888C89251DE8AEB400A7FCC8 /* DownloadsViewController.swift */; };
		88CD501E1DEBA860006BC24D /* AppDelegate.swift in Sources */ = {isa = PBXBuildFile; fileRef = 888C890F1DE8AC0C00A7FCC8 /* AppDelegate.swift */; };
/* End PBXBuildFile section */

/* Begin PBXFileReference section */
		885BFE2A1DEDC089002DAE16 /* Help.storyboard */ = {isa = PBXFileReference; fileEncoding = 4; lastKnownFileType = file.storyboard; path = Help.storyboard; sourceTree = "<group>"; };
		885BFE2C1DEDC0BB002DAE16 /* ImportMenuViewController.swift */ = {isa = PBXFileReference; fileEncoding = 4; lastKnownFileType = sourcecode.swift; path = ImportMenuViewController.swift; sourceTree = "<group>"; };
		885BFE2D1DEDC0BB002DAE16 /* StartupHelpViewController.swift */ = {isa = PBXFileReference; fileEncoding = 4; lastKnownFileType = sourcecode.swift; path = StartupHelpViewController.swift; sourceTree = "<group>"; };
		885BFE2E1DEDC0BB002DAE16 /* InnerHelpViewController.swift */ = {isa = PBXFileReference; fileEncoding = 4; lastKnownFileType = sourcecode.swift; path = InnerHelpViewController.swift; sourceTree = "<group>"; };
		885BFE2F1DEDC0BB002DAE16 /* LoadDocHelpViewController.swift */ = {isa = PBXFileReference; fileEncoding = 4; lastKnownFileType = sourcecode.swift; path = LoadDocHelpViewController.swift; sourceTree = "<group>"; };
		885BFE341DEDD579002DAE16 /* Incorporator.swift */ = {isa = PBXFileReference; fileEncoding = 4; lastKnownFileType = sourcecode.swift; path = Incorporator.swift; sourceTree = "<group>"; };
		888C890F1DE8AC0C00A7FCC8 /* AppDelegate.swift */ = {isa = PBXFileReference; lastKnownFileType = sourcecode.swift; name = AppDelegate.swift; path = ../ckexplorer/AppDelegate.swift; sourceTree = "<group>"; };
		888C89231DE8AEB400A7FCC8 /* CloudCommon.swift */ = {isa = PBXFileReference; fileEncoding = 4; lastKnownFileType = sourcecode.swift; path = CloudCommon.swift; sourceTree = "<group>"; };
		888C89251DE8AEB400A7FCC8 /* DownloadsViewController.swift */ = {isa = PBXFileReference; fileEncoding = 4; lastKnownFileType = sourcecode.swift; path = DownloadsViewController.swift; sourceTree = "<group>"; };
		888C89261DE8AEB400A7FCC8 /* RoguesGalleryView.swift */ = {isa = PBXFileReference; fileEncoding = 4; lastKnownFileType = sourcecode.swift; path = RoguesGalleryView.swift; sourceTree = "<group>"; };
		888C89281DE8AEB400A7FCC8 /* chinese.jpeg */ = {isa = PBXFileReference; lastKnownFileType = image.jpeg; path = chinese.jpeg; sourceTree = "<group>"; };
		888C89291DE8AEB400A7FCC8 /* pizza.jpeg */ = {isa = PBXFileReference; lastKnownFileType = image.jpeg; path = pizza.jpeg; sourceTree = "<group>"; };
		888C892A1DE8AEB400A7FCC8 /* steak.jpeg */ = {isa = PBXFileReference; lastKnownFileType = image.jpeg; path = steak.jpeg; sourceTree = "<group>"; };
		88CA9D8D1DEF0E770074B498 /* LICENSE.txt */ = {isa = PBXFileReference; fileEncoding = 4; lastKnownFileType = text; path = LICENSE.txt; sourceTree = "<group>"; };
		88CD4FE61DEB7E5A006BC24D /* cktabexplorer.app */ = {isa = PBXFileReference; explicitFileType = wrapper.application; includeInIndex = 0; path = cktabexplorer.app; sourceTree = BUILT_PRODUCTS_DIR; };
		88CD4FEF1DEB7E5A006BC24D /* Base */ = {isa = PBXFileReference; lastKnownFileType = file.storyboard; name = Base; path = Base.lproj/Main.storyboard; sourceTree = "<group>"; };
		88CD4FF11DEB7E5A006BC24D /* Assets.xcassets */ = {isa = PBXFileReference; lastKnownFileType = folder.assetcatalog; path = Assets.xcassets; sourceTree = "<group>"; };
		88CD4FF41DEB7E5A006BC24D /* Base */ = {isa = PBXFileReference; lastKnownFileType = file.storyboard; name = Base; path = Base.lproj/LaunchScreen.storyboard; sourceTree = "<group>"; };
		88CD4FF61DEB7E5A006BC24D /* Info.plist */ = {isa = PBXFileReference; lastKnownFileType = text.plist.xml; path = Info.plist; sourceTree = "<group>"; };
		88CD4FFA1DEB7E60006BC24D /* cktabexplorer.entitlements */ = {isa = PBXFileReference; lastKnownFileType = text.plist.entitlements; path = cktabexplorer.entitlements; sourceTree = "<group>"; };
		88CD50081DEB8F0B006BC24D /* ckpresentortvos.app */ = {isa = PBXFileReference; explicitFileType = wrapper.application; includeInIndex = 0; path = ckpresentortvos.app; sourceTree = BUILT_PRODUCTS_DIR; };
		88CD500A1DEB8F0B006BC24D /* AppDelegate.swift */ = {isa = PBXFileReference; lastKnownFileType = sourcecode.swift; path = AppDelegate.swift; sourceTree = "<group>"; };
		88CD500F1DEB8F0B006BC24D /* Base */ = {isa = PBXFileReference; lastKnownFileType = file.storyboard; name = Base; path = Base.lproj/Main.storyboard; sourceTree = "<group>"; };
		88CD50111DEB8F0B006BC24D /* Assets.xcassets */ = {isa = PBXFileReference; lastKnownFileType = folder.assetcatalog; path = Assets.xcassets; sourceTree = "<group>"; };
		88CD50131DEB8F0B006BC24D /* Info.plist */ = {isa = PBXFileReference; lastKnownFileType = text.plist.xml; path = Info.plist; sourceTree = "<group>"; };
		88CD50171DEB8F0E006BC24D /* ckpresentortvos.entitlements */ = {isa = PBXFileReference; lastKnownFileType = text.plist.entitlements; path = ckpresentortvos.entitlements; sourceTree = "<group>"; };
		88CD50181DEB8F11006BC24D /* CloudKit.framework */ = {isa = PBXFileReference; lastKnownFileType = wrapper.framework; name = CloudKit.framework; path = Platforms/AppleTVOS.platform/Developer/SDKs/AppleTVOS10.1.sdk/System/Library/Frameworks/CloudKit.framework; sourceTree = DEVELOPER_DIR; };
		88CD501F1DEC501F006BC24D /* README.md */ = {isa = PBXFileReference; lastKnownFileType = net.daringfireball.markdown; path = README.md; sourceTree = "<group>"; };
		88CECAF21DE8D2F2003CC6AB /* CloudKit.framework */ = {isa = PBXFileReference; lastKnownFileType = wrapper.framework; name = CloudKit.framework; path = System/Library/Frameworks/CloudKit.framework; sourceTree = SDKROOT; };
		88CECAFC1DE8D768003CC6AB /* UploadsViewController.swift */ = {isa = PBXFileReference; fileEncoding = 4; lastKnownFileType = sourcecode.swift; path = UploadsViewController.swift; sourceTree = "<group>"; };
		88CECAFE1DE8D7B5003CC6AB /* DeleteViewController.swift */ = {isa = PBXFileReference; fileEncoding = 4; lastKnownFileType = sourcecode.swift; path = DeleteViewController.swift; sourceTree = "<group>"; };
/* End PBXFileReference section */

/* Begin PBXFrameworksBuildPhase section */
		88CD4FE31DEB7E5A006BC24D /* Frameworks */ = {
			isa = PBXFrameworksBuildPhase;
			buildActionMask = 2147483647;
			files = (
				88CD4FFB1DEB7E63006BC24D /* CloudKit.framework in Frameworks */,
			);
			runOnlyForDeploymentPostprocessing = 0;
		};
		88CD50051DEB8F0B006BC24D /* Frameworks */ = {
			isa = PBXFrameworksBuildPhase;
			buildActionMask = 2147483647;
			files = (
				88CD50191DEB8F11006BC24D /* CloudKit.framework in Frameworks */,
			);
			runOnlyForDeploymentPostprocessing = 0;
		};
/* End PBXFrameworksBuildPhase section */

/* Begin PBXGroup section */
		888C89031DE8AC0C00A7FCC8 = {
			isa = PBXGroup;
			children = (
				88CD501F1DEC501F006BC24D /* README.md */,
				88CA9D8D1DEF0E770074B498 /* LICENSE.txt */,
				888C890E1DE8AC0C00A7FCC8 /* ckexplorerlib */,
				88CD4FE71DEB7E5A006BC24D /* cktabexplorer */,
				88CD50091DEB8F0B006BC24D /* ckpresentortvos */,
				888C890D1DE8AC0C00A7FCC8 /* Products */,
				88CECAF11DE8D2F2003CC6AB /* Frameworks */,
			);
			sourceTree = "<group>";
		};
		888C890D1DE8AC0C00A7FCC8 /* Products */ = {
			isa = PBXGroup;
			children = (
				88CD4FE61DEB7E5A006BC24D /* cktabexplorer.app */,
				88CD50081DEB8F0B006BC24D /* ckpresentortvos.app */,
			);
			name = Products;
			sourceTree = "<group>";
		};
		888C890E1DE8AC0C00A7FCC8 /* ckexplorerlib */ = {
			isa = PBXGroup;
			children = (
				888C89391DE8B2A300A7FCC8 /* Downloading */,
				888C89231DE8AEB400A7FCC8 /* CloudCommon.swift */,
				888C89261DE8AEB400A7FCC8 /* RoguesGalleryView.swift */,
			);
			name = ckexplorerlib;
			path = ckexplorer;
			sourceTree = "<group>";
		};
		888C89271DE8AEB400A7FCC8 /* Sample Upload Images */ = {
			isa = PBXGroup;
			children = (
				888C89281DE8AEB400A7FCC8 /* chinese.jpeg */,
				888C89291DE8AEB400A7FCC8 /* pizza.jpeg */,
				888C892A1DE8AEB400A7FCC8 /* steak.jpeg */,
			);
			name = "Sample Upload Images";
			path = "Sample Images";
			sourceTree = "<group>";
		};
		888C89391DE8B2A300A7FCC8 /* Downloading */ = {
			isa = PBXGroup;
			children = (
				888C89251DE8AEB400A7FCC8 /* DownloadsViewController.swift */,
			);
			name = Downloading;
			sourceTree = "<group>";
		};
		888C893A1DE8B2CE00A7FCC8 /* Uploading */ = {
			isa = PBXGroup;
			children = (
				888C89271DE8AEB400A7FCC8 /* Sample Upload Images */,
				88CECAFC1DE8D768003CC6AB /* UploadsViewController.swift */,
				885BFE341DEDD579002DAE16 /* Incorporator.swift */,
			);
			name = Uploading;
			path = ../ckexplorer;
			sourceTree = "<group>";
		};
		888C893D1DE8B35E00A7FCC8 /* Deleting */ = {
			isa = PBXGroup;
			children = (
				88CECAFE1DE8D7B5003CC6AB /* DeleteViewController.swift */,
			);
			name = Deleting;
			path = ../ckexplorer;
			sourceTree = "<group>";
		};
		88CD4FE71DEB7E5A006BC24D /* cktabexplorer */ = {
			isa = PBXGroup;
			children = (
				888C893D1DE8B35E00A7FCC8 /* Deleting */,
				888C893A1DE8B2CE00A7FCC8 /* Uploading */,
				88CD4FFA1DEB7E60006BC24D /* cktabexplorer.entitlements */,
				888C890F1DE8AC0C00A7FCC8 /* AppDelegate.swift */,
				885BFE2A1DEDC089002DAE16 /* Help.storyboard */,
				88CD4FEE1DEB7E5A006BC24D /* Main.storyboard */,
				88CD4FF11DEB7E5A006BC24D /* Assets.xcassets */,
				88CD4FF31DEB7E5A006BC24D /* LaunchScreen.storyboard */,
				88CD4FF61DEB7E5A006BC24D /* Info.plist */,
				885BFE2C1DEDC0BB002DAE16 /* ImportMenuViewController.swift */,
				885BFE2D1DEDC0BB002DAE16 /* StartupHelpViewController.swift */,
				885BFE2E1DEDC0BB002DAE16 /* InnerHelpViewController.swift */,
				885BFE2F1DEDC0BB002DAE16 /* LoadDocHelpViewController.swift */,
			);
			path = cktabexplorer;
			sourceTree = "<group>";
		};
		88CD50091DEB8F0B006BC24D /* ckpresentortvos */ = {
			isa = PBXGroup;
			children = (
				88CD50171DEB8F0E006BC24D /* ckpresentortvos.entitlements */,
				88CD500A1DEB8F0B006BC24D /* AppDelegate.swift */,
				88CD500E1DEB8F0B006BC24D /* Main.storyboard */,
				88CD50111DEB8F0B006BC24D /* Assets.xcassets */,
				88CD50131DEB8F0B006BC24D /* Info.plist */,
			);
			path = ckpresentortvos;
			sourceTree = "<group>";
		};
		88CECAF11DE8D2F2003CC6AB /* Frameworks */ = {
			isa = PBXGroup;
			children = (
				88CD50181DEB8F11006BC24D /* CloudKit.framework */,
				88CECAF21DE8D2F2003CC6AB /* CloudKit.framework */,
			);
			name = Frameworks;
			sourceTree = "<group>";
		};
/* End PBXGroup section */

/* Begin PBXNativeTarget section */
		88CD4FE51DEB7E5A006BC24D /* cktabexplorer */ = {
			isa = PBXNativeTarget;
			buildConfigurationList = 88CD4FF91DEB7E5A006BC24D /* Build configuration list for PBXNativeTarget "cktabexplorer" */;
			buildPhases = (
				88CD4FE21DEB7E5A006BC24D /* Sources */,
				88CD4FE31DEB7E5A006BC24D /* Frameworks */,
				88CD4FE41DEB7E5A006BC24D /* Resources */,
			);
			buildRules = (
			);
			dependencies = (
			);
			name = cktabexplorer;
			productName = cktabexplorer;
			productReference = 88CD4FE61DEB7E5A006BC24D /* cktabexplorer.app */;
			productType = "com.apple.product-type.application";
		};
		88CD50071DEB8F0B006BC24D /* ckpresentortvos */ = {
			isa = PBXNativeTarget;
			buildConfigurationList = 88CD50141DEB8F0B006BC24D /* Build configuration list for PBXNativeTarget "ckpresentortvos" */;
			buildPhases = (
				88CD50041DEB8F0B006BC24D /* Sources */,
				88CD50051DEB8F0B006BC24D /* Frameworks */,
				88CD50061DEB8F0B006BC24D /* Resources */,
			);
			buildRules = (
			);
			dependencies = (
			);
			name = ckpresentortvos;
			productName = ckpresentortvos;
			productReference = 88CD50081DEB8F0B006BC24D /* ckpresentortvos.app */;
			productType = "com.apple.product-type.application";
		};
/* End PBXNativeTarget section */

/* Begin PBXProject section */
		888C89041DE8AC0C00A7FCC8 /* Project object */ = {
			isa = PBXProject;
			attributes = {
				LastSwiftUpdateCheck = 0820;
				LastUpgradeCheck = 0820;
				ORGANIZATIONNAME = midnightrambler;
				TargetAttributes = {
					88CD4FE51DEB7E5A006BC24D = {
						CreatedOnToolsVersion = 8.2;
						DevelopmentTeam = X2PQYA6S48;
						ProvisioningStyle = Automatic;
						SystemCapabilities = {
							com.apple.Push = {
								enabled = 0;
							};
							com.apple.iCloud = {
								enabled = 1;
							};
						};
					};
					88CD50071DEB8F0B006BC24D = {
						CreatedOnToolsVersion = 8.2;
						DevelopmentTeam = X2PQYA6S48;
						ProvisioningStyle = Automatic;
						SystemCapabilities = {
							com.apple.Push = {
								enabled = 0;
							};
							com.apple.iCloud = {
								enabled = 1;
							};
						};
					};
				};
			};
			buildConfigurationList = 888C89071DE8AC0C00A7FCC8 /* Build configuration list for PBXProject "ckexplorer" */;
			compatibilityVersion = "Xcode 3.2";
			developmentRegion = English;
			hasScannedForEncodings = 0;
			knownRegions = (
				en,
				Base,
			);
			mainGroup = 888C89031DE8AC0C00A7FCC8;
			productRefGroup = 888C890D1DE8AC0C00A7FCC8 /* Products */;
			projectDirPath = "";
			projectRoot = "";
			targets = (
				88CD4FE51DEB7E5A006BC24D /* cktabexplorer */,
				88CD50071DEB8F0B006BC24D /* ckpresentortvos */,
			);
		};
/* End PBXProject section */

/* Begin PBXResourcesBuildPhase section */
		88CD4FE41DEB7E5A006BC24D /* Resources */ = {
			isa = PBXResourcesBuildPhase;
			buildActionMask = 2147483647;
			files = (
				88CD4FF51DEB7E5A006BC24D /* LaunchScreen.storyboard in Resources */,
				88CD4FF21DEB7E5A006BC24D /* Assets.xcassets in Resources */,
				88CD4FF01DEB7E5A006BC24D /* Main.storyboard in Resources */,
				88CD50021DEB84F0006BC24D /* pizza.jpeg in Resources */,
				88CA9D8E1DEF0E770074B498 /* LICENSE.txt in Resources */,
				885BFE2B1DEDC089002DAE16 /* Help.storyboard in Resources */,
				88CD50031DEB84F7006BC24D /* steak.jpeg in Resources */,
				88CD50011DEB84EA006BC24D /* chinese.jpeg in Resources */,
			);
			runOnlyForDeploymentPostprocessing = 0;
		};
		88CD50061DEB8F0B006BC24D /* Resources */ = {
			isa = PBXResourcesBuildPhase;
			buildActionMask = 2147483647;
			files = (
				88CA9D8F1DEF0E770074B498 /* LICENSE.txt in Resources */,
				88CD50121DEB8F0B006BC24D /* Assets.xcassets in Resources */,
				88CD50101DEB8F0B006BC24D /* Main.storyboard in Resources */,
			);
			runOnlyForDeploymentPostprocessing = 0;
		};
/* End PBXResourcesBuildPhase section */

/* Begin PBXSourcesBuildPhase section */
		88CD4FE21DEB7E5A006BC24D /* Sources */ = {
			isa = PBXSourcesBuildPhase;
			buildActionMask = 2147483647;
			files = (
				885BFE321DEDC0BB002DAE16 /* InnerHelpViewController.swift in Sources */,
				88CD4FFC1DEB7F41006BC24D /* UploadsViewController.swift in Sources */,
				885BFE331DEDC0BB002DAE16 /* LoadDocHelpViewController.swift in Sources */,
				885BFE351DEDD579002DAE16 /* Incorporator.swift in Sources */,
				88CD50001DEB8030006BC24D /* RoguesGalleryView.swift in Sources */,
				88CD4FFE1DEB7F51006BC24D /* DownloadsViewController.swift in Sources */,
				88CD501E1DEBA860006BC24D /* AppDelegate.swift in Sources */,
				885BFE301DEDC0BB002DAE16 /* ImportMenuViewController.swift in Sources */,
				885BFE311DEDC0BB002DAE16 /* StartupHelpViewController.swift in Sources */,
				88CD4FFF1DEB8023006BC24D /* CloudCommon.swift in Sources */,
				88CD4FFD1DEB7F48006BC24D /* DeleteViewController.swift in Sources */,
			);
			runOnlyForDeploymentPostprocessing = 0;
		};
		88CD50041DEB8F0B006BC24D /* Sources */ = {
			isa = PBXSourcesBuildPhase;
			buildActionMask = 2147483647;
			files = (
				88CD501C1DEB90FC006BC24D /* DownloadsViewController.swift in Sources */,
				88CD501A1DEB90ED006BC24D /* CloudCommon.swift in Sources */,
				88CD501B1DEB90F3006BC24D /* RoguesGalleryView.swift in Sources */,
				88CD500B1DEB8F0B006BC24D /* AppDelegate.swift in Sources */,
			);
			runOnlyForDeploymentPostprocessing = 0;
		};
/* End PBXSourcesBuildPhase section */

/* Begin PBXVariantGroup section */
		88CD4FEE1DEB7E5A006BC24D /* Main.storyboard */ = {
			isa = PBXVariantGroup;
			children = (
				88CD4FEF1DEB7E5A006BC24D /* Base */,
			);
			name = Main.storyboard;
			sourceTree = "<group>";
		};
		88CD4FF31DEB7E5A006BC24D /* LaunchScreen.storyboard */ = {
			isa = PBXVariantGroup;
			children = (
				88CD4FF41DEB7E5A006BC24D /* Base */,
			);
			name = LaunchScreen.storyboard;
			sourceTree = "<group>";
		};
		88CD500E1DEB8F0B006BC24D /* Main.storyboard */ = {
			isa = PBXVariantGroup;
			children = (
				88CD500F1DEB8F0B006BC24D /* Base */,
			);
			name = Main.storyboard;
			sourceTree = "<group>";
		};
/* End PBXVariantGroup section */

/* Begin XCBuildConfiguration section */
		888C891C1DE8AC0C00A7FCC8 /* Debug */ = {
			isa = XCBuildConfiguration;
			buildSettings = {
				ALWAYS_SEARCH_USER_PATHS = NO;
				CLANG_ANALYZER_NONNULL = YES;
				CLANG_CXX_LANGUAGE_STANDARD = "gnu++0x";
				CLANG_CXX_LIBRARY = "libc++";
				CLANG_ENABLE_MODULES = YES;
				CLANG_ENABLE_OBJC_ARC = YES;
				CLANG_WARN_BOOL_CONVERSION = YES;
				CLANG_WARN_CONSTANT_CONVERSION = YES;
				CLANG_WARN_DIRECT_OBJC_ISA_USAGE = YES_ERROR;
				CLANG_WARN_DOCUMENTATION_COMMENTS = YES;
				CLANG_WARN_EMPTY_BODY = YES;
				CLANG_WARN_ENUM_CONVERSION = YES;
				CLANG_WARN_INFINITE_RECURSION = YES;
				CLANG_WARN_INT_CONVERSION = YES;
				CLANG_WARN_OBJC_ROOT_CLASS = YES_ERROR;
				CLANG_WARN_SUSPICIOUS_MOVE = YES;
				CLANG_WARN_UNREACHABLE_CODE = YES;
				CLANG_WARN__DUPLICATE_METHOD_MATCH = YES;
				"CODE_SIGN_IDENTITY[sdk=iphoneos*]" = "iPhone Developer";
				COPY_PHASE_STRIP = NO;
				DEBUG_INFORMATION_FORMAT = dwarf;
				ENABLE_STRICT_OBJC_MSGSEND = YES;
				ENABLE_TESTABILITY = YES;
				GCC_C_LANGUAGE_STANDARD = gnu99;
				GCC_DYNAMIC_NO_PIC = NO;
				GCC_NO_COMMON_BLOCKS = YES;
				GCC_OPTIMIZATION_LEVEL = 0;
				GCC_PREPROCESSOR_DEFINITIONS = (
					"DEBUG=1",
					"$(inherited)",
				);
				GCC_WARN_64_TO_32_BIT_CONVERSION = YES;
				GCC_WARN_ABOUT_RETURN_TYPE = YES_ERROR;
				GCC_WARN_UNDECLARED_SELECTOR = YES;
				GCC_WARN_UNINITIALIZED_AUTOS = YES_AGGRESSIVE;
				GCC_WARN_UNUSED_FUNCTION = YES;
				GCC_WARN_UNUSED_VARIABLE = YES;
				IPHONEOS_DEPLOYMENT_TARGET = 10.2;
				MTL_ENABLE_DEBUG_INFO = YES;
				ONLY_ACTIVE_ARCH = YES;
				SDKROOT = iphoneos;
				SWIFT_ACTIVE_COMPILATION_CONDITIONS = DEBUG;
				SWIFT_OPTIMIZATION_LEVEL = "-Onone";
				TARGETED_DEVICE_FAMILY = "1,2";
			};
			name = Debug;
		};
		888C891D1DE8AC0C00A7FCC8 /* Release */ = {
			isa = XCBuildConfiguration;
			buildSettings = {
				ALWAYS_SEARCH_USER_PATHS = NO;
				CLANG_ANALYZER_NONNULL = YES;
				CLANG_CXX_LANGUAGE_STANDARD = "gnu++0x";
				CLANG_CXX_LIBRARY = "libc++";
				CLANG_ENABLE_MODULES = YES;
				CLANG_ENABLE_OBJC_ARC = YES;
				CLANG_WARN_BOOL_CONVERSION = YES;
				CLANG_WARN_CONSTANT_CONVERSION = YES;
				CLANG_WARN_DIRECT_OBJC_ISA_USAGE = YES_ERROR;
				CLANG_WARN_DOCUMENTATION_COMMENTS = YES;
				CLANG_WARN_EMPTY_BODY = YES;
				CLANG_WARN_ENUM_CONVERSION = YES;
				CLANG_WARN_INFINITE_RECURSION = YES;
				CLANG_WARN_INT_CONVERSION = YES;
				CLANG_WARN_OBJC_ROOT_CLASS = YES_ERROR;
				CLANG_WARN_SUSPICIOUS_MOVE = YES;
				CLANG_WARN_UNREACHABLE_CODE = YES;
				CLANG_WARN__DUPLICATE_METHOD_MATCH = YES;
				"CODE_SIGN_IDENTITY[sdk=iphoneos*]" = "iPhone Developer";
				COPY_PHASE_STRIP = NO;
				DEBUG_INFORMATION_FORMAT = "dwarf-with-dsym";
				ENABLE_NS_ASSERTIONS = NO;
				ENABLE_STRICT_OBJC_MSGSEND = YES;
				GCC_C_LANGUAGE_STANDARD = gnu99;
				GCC_NO_COMMON_BLOCKS = YES;
				GCC_WARN_64_TO_32_BIT_CONVERSION = YES;
				GCC_WARN_ABOUT_RETURN_TYPE = YES_ERROR;
				GCC_WARN_UNDECLARED_SELECTOR = YES;
				GCC_WARN_UNINITIALIZED_AUTOS = YES_AGGRESSIVE;
				GCC_WARN_UNUSED_FUNCTION = YES;
				GCC_WARN_UNUSED_VARIABLE = YES;
				IPHONEOS_DEPLOYMENT_TARGET = 10.2;
				MTL_ENABLE_DEBUG_INFO = NO;
				SDKROOT = iphoneos;
				SWIFT_OPTIMIZATION_LEVEL = "-Owholemodule";
				TARGETED_DEVICE_FAMILY = "1,2";
				VALIDATE_PRODUCT = YES;
			};
			name = Release;
		};
		88CD4FF71DEB7E5A006BC24D /* Debug */ = {
			isa = XCBuildConfiguration;
			buildSettings = {
				ASSETCATALOG_COMPILER_APPICON_NAME = AppIcon;
				CODE_SIGN_ENTITLEMENTS = cktabexplorer/cktabexplorer.entitlements;
				DEVELOPMENT_TEAM = X2PQYA6S48;
				INFOPLIST_FILE = cktabexplorer/Info.plist;
				IPHONEOS_DEPLOYMENT_TARGET = 10.1;
				LD_RUNPATH_SEARCH_PATHS = "$(inherited) @executable_path/Frameworks";
				PRODUCT_BUNDLE_IDENTIFIER = com.midnightrambler.cktabexplorer;
				PRODUCT_NAME = "$(TARGET_NAME)";
				SWIFT_VERSION = 3.0;
			};
			name = Debug;
		};
		88CD4FF81DEB7E5A006BC24D /* Release */ = {
			isa = XCBuildConfiguration;
			buildSettings = {
				ASSETCATALOG_COMPILER_APPICON_NAME = AppIcon;
				CODE_SIGN_ENTITLEMENTS = cktabexplorer/cktabexplorer.entitlements;
				DEVELOPMENT_TEAM = X2PQYA6S48;
				INFOPLIST_FILE = cktabexplorer/Info.plist;
				IPHONEOS_DEPLOYMENT_TARGET = 10.1;
				LD_RUNPATH_SEARCH_PATHS = "$(inherited) @executable_path/Frameworks";
				PRODUCT_BUNDLE_IDENTIFIER = com.midnightrambler.cktabexplorer;
				PRODUCT_NAME = "$(TARGET_NAME)";
				SWIFT_VERSION = 3.0;
			};
			name = Release;
		};
		88CD50151DEB8F0B006BC24D /* Debug */ = {
			isa = XCBuildConfiguration;
			buildSettings = {
				ASSETCATALOG_COMPILER_APPICON_NAME = "App Icon & Top Shelf Image-1";
				ASSETCATALOG_COMPILER_LAUNCHIMAGE_NAME = LaunchImage;
				CODE_SIGN_ENTITLEMENTS = ckpresentortvos/ckpresentortvos.entitlements;
				DEVELOPMENT_TEAM = X2PQYA6S48;
				INFOPLIST_FILE = ckpresentortvos/Info.plist;
				LD_RUNPATH_SEARCH_PATHS = "$(inherited) @executable_path/Frameworks";
				PRODUCT_BUNDLE_IDENTIFIER = com.midnightrambler.ckpresentortvos;
				PRODUCT_NAME = "$(TARGET_NAME)";
				SDKROOT = appletvos;
				SWIFT_VERSION = 3.0;
				TARGETED_DEVICE_FAMILY = 3;
				TVOS_DEPLOYMENT_TARGET = 10.0;
			};
			name = Debug;
		};
		88CD50161DEB8F0B006BC24D /* Release */ = {
			isa = XCBuildConfiguration;
			buildSettings = {
				ASSETCATALOG_COMPILER_APPICON_NAME = "App Icon & Top Shelf Image-1";
				ASSETCATALOG_COMPILER_LAUNCHIMAGE_NAME = LaunchImage;
				CODE_SIGN_ENTITLEMENTS = ckpresentortvos/ckpresentortvos.entitlements;
				DEVELOPMENT_TEAM = X2PQYA6S48;
				INFOPLIST_FILE = ckpresentortvos/Info.plist;
				LD_RUNPATH_SEARCH_PATHS = "$(inherited) @executable_path/Frameworks";
				PRODUCT_BUNDLE_IDENTIFIER = com.midnightrambler.ckpresentortvos;
				PRODUCT_NAME = "$(TARGET_NAME)";
				SDKROOT = appletvos;
				SWIFT_VERSION = 3.0;
				TARGETED_DEVICE_FAMILY = 3;
				TVOS_DEPLOYMENT_TARGET = 10.0;
			};
			name = Release;
		};
/* End XCBuildConfiguration section */

/* Begin XCConfigurationList section */
		888C89071DE8AC0C00A7FCC8 /* Build configuration list for PBXProject "ckexplorer" */ = {
			isa = XCConfigurationList;
			buildConfigurations = (
				888C891C1DE8AC0C00A7FCC8 /* Debug */,
				888C891D1DE8AC0C00A7FCC8 /* Release */,
			);
			defaultConfigurationIsVisible = 0;
			defaultConfigurationName = Release;
		};
		88CD4FF91DEB7E5A006BC24D /* Build configuration list for PBXNativeTarget "cktabexplorer" */ = {
			isa = XCConfigurationList;
			buildConfigurations = (
				88CD4FF71DEB7E5A006BC24D /* Debug */,
				88CD4FF81DEB7E5A006BC24D /* Release */,
			);
			defaultConfigurationIsVisible = 0;
			defaultConfigurationName = Release;
		};
		88CD50141DEB8F0B006BC24D /* Build configuration list for PBXNativeTarget "ckpresentortvos" */ = {
			isa = XCConfigurationList;
			buildConfigurations = (
				88CD50151DEB8F0B006BC24D /* Debug */,
				88CD50161DEB8F0B006BC24D /* Release */,
			);
			defaultConfigurationIsVisible = 0;
			defaultConfigurationName = Release;
		};
/* End XCConfigurationList section */
	};
	rootObject = 888C89041DE8AC0C00A7FCC8 /* Project object */;
}
